// !$*UTF8*$!
{
	archiveVersion = 1;
	classes = {
	};
	objectVersion = 56;
	objects = {

/* Begin PBXBuildFile section */
		37E6B1912BEB34720054116C /* BabyNoteApp.swift in Sources */ = {isa = PBXBuildFile; fileRef = 37E6B1902BEB34720054116C /* BabyNoteApp.swift */; };
		37E6B1932BEB34720054116C /* ContentView.swift in Sources */ = {isa = PBXBuildFile; fileRef = 37E6B1922BEB34720054116C /* ContentView.swift */; };
		37E6B1952BEB34730054116C /* Assets.xcassets in Resources */ = {isa = PBXBuildFile; fileRef = 37E6B1942BEB34730054116C /* Assets.xcassets */; };
		37E6B1982BEB34730054116C /* Preview Assets.xcassets in Resources */ = {isa = PBXBuildFile; fileRef = 37E6B1972BEB34730054116C /* Preview Assets.xcassets */; };
		37E6B19A2BEB34730054116C /* Persistence.swift in Sources */ = {isa = PBXBuildFile; fileRef = 37E6B1992BEB34730054116C /* Persistence.swift */; };
		37E6B19D2BEB34730054116C /* BabyNote.xcdatamodeld in Sources */ = {isa = PBXBuildFile; fileRef = 37E6B19B2BEB34730054116C /* BabyNote.xcdatamodeld */; };
		37E6B1A42BEB35A40054116C /* NotesView.swift in Sources */ = {isa = PBXBuildFile; fileRef = 37E6B1A32BEB35A40054116C /* NotesView.swift */; };
		37E6B1A62BEB35D80054116C /* SettingsView.swift in Sources */ = {isa = PBXBuildFile; fileRef = 37E6B1A52BEB35D80054116C /* SettingsView.swift */; };
		37FFC17E2BECCB9300B242EA /* SummaryView.swift in Sources */ = {isa = PBXBuildFile; fileRef = 37FFC17D2BECCB9300B242EA /* SummaryView.swift */; };
		37FFC1802BECD02F00B242EA /* BabyInfoView.swift in Sources */ = {isa = PBXBuildFile; fileRef = 37FFC17F2BECD02F00B242EA /* BabyInfoView.swift */; };
/* End PBXBuildFile section */

/* Begin PBXFileReference section */
		37E6B18D2BEB34720054116C /* BabyNote.app */ = {isa = PBXFileReference; explicitFileType = wrapper.application; includeInIndex = 0; path = BabyNote.app; sourceTree = BUILT_PRODUCTS_DIR; };
		37E6B1902BEB34720054116C /* BabyNoteApp.swift */ = {isa = PBXFileReference; lastKnownFileType = sourcecode.swift; path = BabyNoteApp.swift; sourceTree = "<group>"; };
		37E6B1922BEB34720054116C /* ContentView.swift */ = {isa = PBXFileReference; lastKnownFileType = sourcecode.swift; path = ContentView.swift; sourceTree = "<group>"; };
		37E6B1942BEB34730054116C /* Assets.xcassets */ = {isa = PBXFileReference; lastKnownFileType = folder.assetcatalog; path = Assets.xcassets; sourceTree = "<group>"; };
		37E6B1972BEB34730054116C /* Preview Assets.xcassets */ = {isa = PBXFileReference; lastKnownFileType = folder.assetcatalog; path = "Preview Assets.xcassets"; sourceTree = "<group>"; };
		37E6B1992BEB34730054116C /* Persistence.swift */ = {isa = PBXFileReference; lastKnownFileType = sourcecode.swift; path = Persistence.swift; sourceTree = "<group>"; };
		37E6B19C2BEB34730054116C /* BabyNote.xcdatamodel */ = {isa = PBXFileReference; lastKnownFileType = wrapper.xcdatamodel; path = BabyNote.xcdatamodel; sourceTree = "<group>"; };
		37E6B1A32BEB35A40054116C /* NotesView.swift */ = {isa = PBXFileReference; lastKnownFileType = sourcecode.swift; path = NotesView.swift; sourceTree = "<group>"; };
		37E6B1A52BEB35D80054116C /* SettingsView.swift */ = {isa = PBXFileReference; lastKnownFileType = sourcecode.swift; path = SettingsView.swift; sourceTree = "<group>"; };
		37FFC17D2BECCB9300B242EA /* SummaryView.swift */ = {isa = PBXFileReference; lastKnownFileType = sourcecode.swift; path = SummaryView.swift; sourceTree = "<group>"; };
		37FFC17F2BECD02F00B242EA /* BabyInfoView.swift */ = {isa = PBXFileReference; lastKnownFileType = sourcecode.swift; path = BabyInfoView.swift; sourceTree = "<group>"; };
/* End PBXFileReference section */

/* Begin PBXFrameworksBuildPhase section */
		37E6B18A2BEB34720054116C /* Frameworks */ = {
			isa = PBXFrameworksBuildPhase;
			buildActionMask = 2147483647;
			files = (
			);
			runOnlyForDeploymentPostprocessing = 0;
		};
/* End PBXFrameworksBuildPhase section */

/* Begin PBXGroup section */
		37E6B1842BEB34720054116C = {
			isa = PBXGroup;
			children = (
				37E6B18F2BEB34720054116C /* BabyNote */,
				37E6B18E2BEB34720054116C /* Products */,
			);
			sourceTree = "<group>";
		};
		37E6B18E2BEB34720054116C /* Products */ = {
			isa = PBXGroup;
			children = (
				37E6B18D2BEB34720054116C /* BabyNote.app */,
			);
			name = Products;
			sourceTree = "<group>";
		};
		37E6B18F2BEB34720054116C /* BabyNote */ = {
			isa = PBXGroup;
			children = (
				37E6B1902BEB34720054116C /* BabyNoteApp.swift */,
				37E6B1922BEB34720054116C /* ContentView.swift */,
				37E6B1A32BEB35A40054116C /* NotesView.swift */,
				37FFC17D2BECCB9300B242EA /* SummaryView.swift */,
				37E6B1A52BEB35D80054116C /* SettingsView.swift */,
				37FFC17F2BECD02F00B242EA /* BabyInfoView.swift */,
				37E6B1992BEB34730054116C /* Persistence.swift */,
				37E6B19B2BEB34730054116C /* BabyNote.xcdatamodeld */,
				37E6B1942BEB34730054116C /* Assets.xcassets */,
				37E6B1962BEB34730054116C /* Preview Content */,
			);
			path = BabyNote;
			sourceTree = "<group>";
		};
		37E6B1962BEB34730054116C /* Preview Content */ = {
			isa = PBXGroup;
			children = (
				37E6B1972BEB34730054116C /* Preview Assets.xcassets */,
			);
			path = "Preview Content";
			sourceTree = "<group>";
		};
/* End PBXGroup section */

/* Begin PBXNativeTarget section */
		37E6B18C2BEB34720054116C /* BabyNote */ = {
			isa = PBXNativeTarget;
			buildConfigurationList = 37E6B1A02BEB34730054116C /* Build configuration list for PBXNativeTarget "BabyNote" */;
			buildPhases = (
				37E6B1892BEB34720054116C /* Sources */,
				37E6B18A2BEB34720054116C /* Frameworks */,
				37E6B18B2BEB34720054116C /* Resources */,
			);
			buildRules = (
			);
			dependencies = (
			);
			name = BabyNote;
			productName = BabyNote;
			productReference = 37E6B18D2BEB34720054116C /* BabyNote.app */;
			productType = "com.apple.product-type.application";
		};
/* End PBXNativeTarget section */

/* Begin PBXProject section */
		37E6B1852BEB34720054116C /* Project object */ = {
			isa = PBXProject;
			attributes = {
				BuildIndependentTargetsInParallel = 1;
				LastSwiftUpdateCheck = 1520;
				LastUpgradeCheck = 1520;
				TargetAttributes = {
					37E6B18C2BEB34720054116C = {
						CreatedOnToolsVersion = 15.2;
					};
				};
			};
			buildConfigurationList = 37E6B1882BEB34720054116C /* Build configuration list for PBXProject "BabyNote" */;
			compatibilityVersion = "Xcode 14.0";
			developmentRegion = en;
			hasScannedForEncodings = 0;
			knownRegions = (
				en,
				Base,
			);
			mainGroup = 37E6B1842BEB34720054116C;
			productRefGroup = 37E6B18E2BEB34720054116C /* Products */;
			projectDirPath = "";
			projectRoot = "";
			targets = (
				37E6B18C2BEB34720054116C /* BabyNote */,
			);
		};
/* End PBXProject section */

/* Begin PBXResourcesBuildPhase section */
		37E6B18B2BEB34720054116C /* Resources */ = {
			isa = PBXResourcesBuildPhase;
			buildActionMask = 2147483647;
			files = (
				37E6B1982BEB34730054116C /* Preview Assets.xcassets in Resources */,
				37E6B1952BEB34730054116C /* Assets.xcassets in Resources */,
			);
			runOnlyForDeploymentPostprocessing = 0;
		};
/* End PBXResourcesBuildPhase section */

/* Begin PBXSourcesBuildPhase section */
		37E6B1892BEB34720054116C /* Sources */ = {
			isa = PBXSourcesBuildPhase;
			buildActionMask = 2147483647;
			files = (
				37E6B19A2BEB34730054116C /* Persistence.swift in Sources */,
				37FFC17E2BECCB9300B242EA /* SummaryView.swift in Sources */,
				37E6B19D2BEB34730054116C /* BabyNote.xcdatamodeld in Sources */,
				37FFC1802BECD02F00B242EA /* BabyInfoView.swift in Sources */,
				37E6B1A42BEB35A40054116C /* NotesView.swift in Sources */,
				37E6B1A62BEB35D80054116C /* SettingsView.swift in Sources */,
				37E6B1932BEB34720054116C /* ContentView.swift in Sources */,
				37E6B1912BEB34720054116C /* BabyNoteApp.swift in Sources */,
			);
			runOnlyForDeploymentPostprocessing = 0;
		};
/* End PBXSourcesBuildPhase section */

/* Begin XCBuildConfiguration section */
		37E6B19E2BEB34730054116C /* Debug */ = {
			isa = XCBuildConfiguration;
			buildSettings = {
				ALWAYS_SEARCH_USER_PATHS = NO;
				ASSETCATALOG_COMPILER_GENERATE_SWIFT_ASSET_SYMBOL_EXTENSIONS = YES;
				CLANG_ANALYZER_NONNULL = YES;
				CLANG_ANALYZER_NUMBER_OBJECT_CONVERSION = YES_AGGRESSIVE;
				CLANG_CXX_LANGUAGE_STANDARD = "gnu++20";
				CLANG_ENABLE_MODULES = YES;
				CLANG_ENABLE_OBJC_ARC = YES;
				CLANG_ENABLE_OBJC_WEAK = YES;
				CLANG_WARN_BLOCK_CAPTURE_AUTORELEASING = YES;
				CLANG_WARN_BOOL_CONVERSION = YES;
				CLANG_WARN_COMMA = YES;
				CLANG_WARN_CONSTANT_CONVERSION = YES;
				CLANG_WARN_DEPRECATED_OBJC_IMPLEMENTATIONS = YES;
				CLANG_WARN_DIRECT_OBJC_ISA_USAGE = YES_ERROR;
				CLANG_WARN_DOCUMENTATION_COMMENTS = YES;
				CLANG_WARN_EMPTY_BODY = YES;
				CLANG_WARN_ENUM_CONVERSION = YES;
				CLANG_WARN_INFINITE_RECURSION = YES;
				CLANG_WARN_INT_CONVERSION = YES;
				CLANG_WARN_NON_LITERAL_NULL_CONVERSION = YES;
				CLANG_WARN_OBJC_IMPLICIT_RETAIN_SELF = YES;
				CLANG_WARN_OBJC_LITERAL_CONVERSION = YES;
				CLANG_WARN_OBJC_ROOT_CLASS = YES_ERROR;
				CLANG_WARN_QUOTED_INCLUDE_IN_FRAMEWORK_HEADER = YES;
				CLANG_WARN_RANGE_LOOP_ANALYSIS = YES;
				CLANG_WARN_STRICT_PROTOTYPES = YES;
				CLANG_WARN_SUSPICIOUS_MOVE = YES;
				CLANG_WARN_UNGUARDED_AVAILABILITY = YES_AGGRESSIVE;
				CLANG_WARN_UNREACHABLE_CODE = YES;
				CLANG_WARN__DUPLICATE_METHOD_MATCH = YES;
				COPY_PHASE_STRIP = NO;
				DEBUG_INFORMATION_FORMAT = dwarf;
				ENABLE_STRICT_OBJC_MSGSEND = YES;
				ENABLE_TESTABILITY = YES;
				ENABLE_USER_SCRIPT_SANDBOXING = YES;
				GCC_C_LANGUAGE_STANDARD = gnu17;
				GCC_DYNAMIC_NO_PIC = NO;
				GCC_NO_COMMON_BLOCKS = YES;
				GCC_OPTIMIZATION_LEVEL = 0;
				GCC_PREPROCESSOR_DEFINITIONS = (
					"DEBUG=1",
					"$(inherited)",
				);
				GCC_WARN_64_TO_32_BIT_CONVERSION = YES;
				GCC_WARN_ABOUT_RETURN_TYPE = YES_ERROR;
				GCC_WARN_UNDECLARED_SELECTOR = YES;
				GCC_WARN_UNINITIALIZED_AUTOS = YES_AGGRESSIVE;
				GCC_WARN_UNUSED_FUNCTION = YES;
				GCC_WARN_UNUSED_VARIABLE = YES;
				IPHONEOS_DEPLOYMENT_TARGET = 17.2;
				LOCALIZATION_PREFERS_STRING_CATALOGS = YES;
				MTL_ENABLE_DEBUG_INFO = INCLUDE_SOURCE;
				MTL_FAST_MATH = YES;
				ONLY_ACTIVE_ARCH = YES;
				SDKROOT = iphoneos;
				SWIFT_ACTIVE_COMPILATION_CONDITIONS = "DEBUG $(inherited)";
				SWIFT_OPTIMIZATION_LEVEL = "-Onone";
			};
			name = Debug;
		};
		37E6B19F2BEB34730054116C /* Release */ = {
			isa = XCBuildConfiguration;
			buildSettings = {
				ALWAYS_SEARCH_USER_PATHS = NO;
				ASSETCATALOG_COMPILER_GENERATE_SWIFT_ASSET_SYMBOL_EXTENSIONS = YES;
				CLANG_ANALYZER_NONNULL = YES;
				CLANG_ANALYZER_NUMBER_OBJECT_CONVERSION = YES_AGGRESSIVE;
				CLANG_CXX_LANGUAGE_STANDARD = "gnu++20";
				CLANG_ENABLE_MODULES = YES;
				CLANG_ENABLE_OBJC_ARC = YES;
				CLANG_ENABLE_OBJC_WEAK = YES;
				CLANG_WARN_BLOCK_CAPTURE_AUTORELEASING = YES;
				CLANG_WARN_BOOL_CONVERSION = YES;
				CLANG_WARN_COMMA = YES;
				CLANG_WARN_CONSTANT_CONVERSION = YES;
				CLANG_WARN_DEPRECATED_OBJC_IMPLEMENTATIONS = YES;
				CLANG_WARN_DIRECT_OBJC_ISA_USAGE = YES_ERROR;
				CLANG_WARN_DOCUMENTATION_COMMENTS = YES;
				CLANG_WARN_EMPTY_BODY = YES;
				CLANG_WARN_ENUM_CONVERSION = YES;
				CLANG_WARN_INFINITE_RECURSION = YES;
				CLANG_WARN_INT_CONVERSION = YES;
				CLANG_WARN_NON_LITERAL_NULL_CONVERSION = YES;
				CLANG_WARN_OBJC_IMPLICIT_RETAIN_SELF = YES;
				CLANG_WARN_OBJC_LITERAL_CONVERSION = YES;
				CLANG_WARN_OBJC_ROOT_CLASS = YES_ERROR;
				CLANG_WARN_QUOTED_INCLUDE_IN_FRAMEWORK_HEADER = YES;
				CLANG_WARN_RANGE_LOOP_ANALYSIS = YES;
				CLANG_WARN_STRICT_PROTOTYPES = YES;
				CLANG_WARN_SUSPICIOUS_MOVE = YES;
				CLANG_WARN_UNGUARDED_AVAILABILITY = YES_AGGRESSIVE;
				CLANG_WARN_UNREACHABLE_CODE = YES;
				CLANG_WARN__DUPLICATE_METHOD_MATCH = YES;
				COPY_PHASE_STRIP = NO;
				DEBUG_INFORMATION_FORMAT = "dwarf-with-dsym";
				ENABLE_NS_ASSERTIONS = NO;
				ENABLE_STRICT_OBJC_MSGSEND = YES;
				ENABLE_USER_SCRIPT_SANDBOXING = YES;
				GCC_C_LANGUAGE_STANDARD = gnu17;
				GCC_NO_COMMON_BLOCKS = YES;
				GCC_WARN_64_TO_32_BIT_CONVERSION = YES;
				GCC_WARN_ABOUT_RETURN_TYPE = YES_ERROR;
				GCC_WARN_UNDECLARED_SELECTOR = YES;
				GCC_WARN_UNINITIALIZED_AUTOS = YES_AGGRESSIVE;
				GCC_WARN_UNUSED_FUNCTION = YES;
				GCC_WARN_UNUSED_VARIABLE = YES;
				IPHONEOS_DEPLOYMENT_TARGET = 17.2;
				LOCALIZATION_PREFERS_STRING_CATALOGS = YES;
				MTL_ENABLE_DEBUG_INFO = NO;
				MTL_FAST_MATH = YES;
				SDKROOT = iphoneos;
				SWIFT_COMPILATION_MODE = wholemodule;
				VALIDATE_PRODUCT = YES;
			};
			name = Release;
		};
		37E6B1A12BEB34730054116C /* Debug */ = {
			isa = XCBuildConfiguration;
			buildSettings = {
				ASSETCATALOG_COMPILER_APPICON_NAME = AppIcon;
				ASSETCATALOG_COMPILER_GLOBAL_ACCENT_COLOR_NAME = AccentColor;
				CODE_SIGN_STYLE = Automatic;
				CURRENT_PROJECT_VERSION = 1;
				DEVELOPMENT_ASSET_PATHS = "\"BabyNote/Preview Content\"";
				DEVELOPMENT_TEAM = ZZYR4N8A3B;
				ENABLE_PREVIEWS = YES;
				GENERATE_INFOPLIST_FILE = YES;
				INFOPLIST_KEY_UIApplicationSceneManifest_Generation = YES;
				INFOPLIST_KEY_UIApplicationSupportsIndirectInputEvents = YES;
				INFOPLIST_KEY_UILaunchScreen_Generation = YES;
				INFOPLIST_KEY_UISupportedInterfaceOrientations_iPad = "UIInterfaceOrientationPortrait UIInterfaceOrientationPortraitUpsideDown UIInterfaceOrientationLandscapeLeft UIInterfaceOrientationLandscapeRight";
				INFOPLIST_KEY_UISupportedInterfaceOrientations_iPhone = "UIInterfaceOrientationPortrait UIInterfaceOrientationLandscapeLeft UIInterfaceOrientationLandscapeRight";
				LD_RUNPATH_SEARCH_PATHS = (
					"$(inherited)",
					"@executable_path/Frameworks",
				);
				MARKETING_VERSION = 1.0;
				PRODUCT_BUNDLE_IDENTIFIER = hyan.sfsu.edu.BabyNote;
				PRODUCT_NAME = "$(TARGET_NAME)";
				SWIFT_EMIT_LOC_STRINGS = YES;
				SWIFT_VERSION = 5.0;
				TARGETED_DEVICE_FAMILY = "1,2";
			};
			name = Debug;
		};
		37E6B1A22BEB34730054116C /* Release */ = {
			isa = XCBuildConfiguration;
			buildSettings = {
				ASSETCATALOG_COMPILER_APPICON_NAME = AppIcon;
				ASSETCATALOG_COMPILER_GLOBAL_ACCENT_COLOR_NAME = AccentColor;
				CODE_SIGN_STYLE = Automatic;
				CURRENT_PROJECT_VERSION = 1;
				DEVELOPMENT_ASSET_PATHS = "\"BabyNote/Preview Content\"";
				DEVELOPMENT_TEAM = ZZYR4N8A3B;
				ENABLE_PREVIEWS = YES;
				GENERATE_INFOPLIST_FILE = YES;
				INFOPLIST_KEY_UIApplicationSceneManifest_Generation = YES;
				INFOPLIST_KEY_UIApplicationSupportsIndirectInputEvents = YES;
				INFOPLIST_KEY_UILaunchScreen_Generation = YES;
				INFOPLIST_KEY_UISupportedInterfaceOrientations_iPad = "UIInterfaceOrientationPortrait UIInterfaceOrientationPortraitUpsideDown UIInterfaceOrientationLandscapeLeft UIInterfaceOrientationLandscapeRight";
				INFOPLIST_KEY_UISupportedInterfaceOrientations_iPhone = "UIInterfaceOrientationPortrait UIInterfaceOrientationLandscapeLeft UIInterfaceOrientationLandscapeRight";
				LD_RUNPATH_SEARCH_PATHS = (
					"$(inherited)",
					"@executable_path/Frameworks",
				);
				MARKETING_VERSION = 1.0;
				PRODUCT_BUNDLE_IDENTIFIER = hyan.sfsu.edu.BabyNote;
				PRODUCT_NAME = "$(TARGET_NAME)";
				SWIFT_EMIT_LOC_STRINGS = YES;
				SWIFT_VERSION = 5.0;
				TARGETED_DEVICE_FAMILY = "1,2";
			};
			name = Release;
		};
/* End XCBuildConfiguration section */

/* Begin XCConfigurationList section */
		37E6B1882BEB34720054116C /* Build configuration list for PBXProject "BabyNote" */ = {
			isa = XCConfigurationList;
			buildConfigurations = (
				37E6B19E2BEB34730054116C /* Debug */,
				37E6B19F2BEB34730054116C /* Release */,
			);
			defaultConfigurationIsVisible = 0;
			defaultConfigurationName = Release;
		};
		37E6B1A02BEB34730054116C /* Build configuration list for PBXNativeTarget "BabyNote" */ = {
			isa = XCConfigurationList;
			buildConfigurations = (
				37E6B1A12BEB34730054116C /* Debug */,
				37E6B1A22BEB34730054116C /* Release */,
			);
			defaultConfigurationIsVisible = 0;
			defaultConfigurationName = Release;
		};
/* End XCConfigurationList section */

/* Begin XCVersionGroup section */
		37E6B19B2BEB34730054116C /* BabyNote.xcdatamodeld */ = {
			isa = XCVersionGroup;
			children = (
				37E6B19C2BEB34730054116C /* BabyNote.xcdatamodel */,
			);
			currentVersion = 37E6B19C2BEB34730054116C /* BabyNote.xcdatamodel */;
			path = BabyNote.xcdatamodeld;
			sourceTree = "<group>";
			versionGroupType = wrapper.xcdatamodel;
		};
/* End XCVersionGroup section */
	};
	rootObject = 37E6B1852BEB34720054116C /* Project object */;
}
